// !$*UTF8*$!
{
	archiveVersion = 1;
	classes = {
	};
	objectVersion = 56;
	objects = {

/* Begin PBXBuildFile section */
		AA7E4ECB25A0946E3EC9EC42 /* Pods_BasicNoteApp.framework in Frameworks */ = {isa = PBXBuildFile; fileRef = 4029CB383438AE57A958ECCA /* Pods_BasicNoteApp.framework */; };
		DC0069682A728A1E005DD79D /* NoteService.swift in Sources */ = {isa = PBXBuildFile; fileRef = DC0069672A728A1E005DD79D /* NoteService.swift */; };
		DC00696A2A728A73005DD79D /* Note.swift in Sources */ = {isa = PBXBuildFile; fileRef = DC0069692A728A73005DD79D /* Note.swift */; };
		DC00696C2A729DE4005DD79D /* NoteViewModel.swift in Sources */ = {isa = PBXBuildFile; fileRef = DC00696B2A729DE4005DD79D /* NoteViewModel.swift */; };
		DC00696E2A729DFA005DD79D /* NoteProtocol.swift in Sources */ = {isa = PBXBuildFile; fileRef = DC00696D2A729DFA005DD79D /* NoteProtocol.swift */; };
		DC0214A92A6A7E5600125957 /* CustomBottomSheetView.swift in Sources */ = {isa = PBXBuildFile; fileRef = DC0214A82A6A7E5600125957 /* CustomBottomSheetView.swift */; };
		DC0DC8FB2A600AD20033C534 /* Inter-SemiBold.ttf in Resources */ = {isa = PBXBuildFile; fileRef = DCFADADD2A5DB16100E3A47F /* Inter-SemiBold.ttf */; };
		DC0DC8FC2A600AD20033C534 /* Inter-Medium.ttf in Resources */ = {isa = PBXBuildFile; fileRef = DCFADADE2A5DB16900E3A47F /* Inter-Medium.ttf */; };
		DC0DC8FD2A600AD20033C534 /* Inter-Light.ttf in Resources */ = {isa = PBXBuildFile; fileRef = DCAD18032A5E7A7800ABF13B /* Inter-Light.ttf */; };
		DC0DC8FE2A600AD20033C534 /* Inter-Bold.ttf in Resources */ = {isa = PBXBuildFile; fileRef = DCAD18042A5E7A8E00ABF13B /* Inter-Bold.ttf */; };
		DC0DC8FF2A600AD20033C534 /* Inter-Regular.ttf in Resources */ = {isa = PBXBuildFile; fileRef = DCAD18052A5E7A9A00ABF13B /* Inter-Regular.ttf */; };
		DC1B00FB2A711D1000F74842 /* .swiftlint.yml in Resources */ = {isa = PBXBuildFile; fileRef = DC1B00FA2A711D1000F74842 /* .swiftlint.yml */; };
		DC1B00FF2A711D3700F74842 /* AuthService.swift in Sources */ = {isa = PBXBuildFile; fileRef = DC1B00FE2A711D3700F74842 /* AuthService.swift */; };
		DC1B01022A711E5B00F74842 /* AuthProtocol.swift in Sources */ = {isa = PBXBuildFile; fileRef = DC1B01012A711E5B00F74842 /* AuthProtocol.swift */; };
		DC1B010C2A711F3A00F74842 /* Constant.swift in Sources */ = {isa = PBXBuildFile; fileRef = DC1B010B2A711F3A00F74842 /* Constant.swift */; };
		DC1B01132A71218700F74842 /* AuthViewModel.swift in Sources */ = {isa = PBXBuildFile; fileRef = DC1B01122A71218700F74842 /* AuthViewModel.swift */; };
		DC1B01162A713F6F00F74842 /* LocalService.swift in Sources */ = {isa = PBXBuildFile; fileRef = DC1B01152A713F6F00F74842 /* LocalService.swift */; };
		DC1B01182A713F8900F74842 /* LocalProtocol.swift in Sources */ = {isa = PBXBuildFile; fileRef = DC1B01172A713F8900F74842 /* LocalProtocol.swift */; };
		DC1B011E2A714BBB00F74842 /* Error.swift in Sources */ = {isa = PBXBuildFile; fileRef = DC1B011D2A714BBB00F74842 /* Error.swift */; };
		DC1B01202A714C7700F74842 /* UserProtocol.swift in Sources */ = {isa = PBXBuildFile; fileRef = DC1B011F2A714C7700F74842 /* UserProtocol.swift */; };
		DC1B01222A714CA200F74842 /* UserViewModel.swift in Sources */ = {isa = PBXBuildFile; fileRef = DC1B01212A714CA200F74842 /* UserViewModel.swift */; };
		DC1C55862A7A3F87008DD5EE /* PreviewViewController.swift in Sources */ = {isa = PBXBuildFile; fileRef = DC1C55852A7A3F87008DD5EE /* PreviewViewController.swift */; };
		DC1C55882A7A4538008DD5EE /* UserService.swift in Sources */ = {isa = PBXBuildFile; fileRef = DC1C55872A7A4538008DD5EE /* UserService.swift */; };
		DC1C558A2A7A457F008DD5EE /* User.swift in Sources */ = {isa = PBXBuildFile; fileRef = DC1C55892A7A457F008DD5EE /* User.swift */; };
		DC1C558C2A7A4619008DD5EE /* Auth.swift in Sources */ = {isa = PBXBuildFile; fileRef = DC1C558B2A7A4619008DD5EE /* Auth.swift */; };
		DC1D04102A6133AE00467F5E /* UIViewControllerExtenstion.swift in Sources */ = {isa = PBXBuildFile; fileRef = DC1D040F2A6133AE00467F5E /* UIViewControllerExtenstion.swift */; };
		DC1D04142A61393800467F5E /* FloatLabelTextField.swift in Sources */ = {isa = PBXBuildFile; fileRef = DC1D04132A61393800467F5E /* FloatLabelTextField.swift */; };
		DC3B24A92A667C8F0013E83D /* LoginViewController.swift in Sources */ = {isa = PBXBuildFile; fileRef = DC3B24A82A667C8F0013E83D /* LoginViewController.swift */; };
		DC3B24AB2A6685740013E83D /* ForgotPasswordViewController.swift in Sources */ = {isa = PBXBuildFile; fileRef = DC3B24AA2A6685740013E83D /* ForgotPasswordViewController.swift */; };
		DC5D15862A5C4D1C00A4037C /* AppDelegate.swift in Sources */ = {isa = PBXBuildFile; fileRef = DC5D15852A5C4D1C00A4037C /* AppDelegate.swift */; };
		DC5D15882A5C4D1C00A4037C /* SceneDelegate.swift in Sources */ = {isa = PBXBuildFile; fileRef = DC5D15872A5C4D1C00A4037C /* SceneDelegate.swift */; };
		DC5D158A2A5C4D1C00A4037C /* RegisterViewController.swift in Sources */ = {isa = PBXBuildFile; fileRef = DC5D15892A5C4D1C00A4037C /* RegisterViewController.swift */; };
		DC5D15922A5C4D1E00A4037C /* LaunchScreen.storyboard in Resources */ = {isa = PBXBuildFile; fileRef = DC5D15902A5C4D1E00A4037C /* LaunchScreen.storyboard */; };
		DC666B082A69531B00A99CD7 /* AddNoteViewController.swift in Sources */ = {isa = PBXBuildFile; fileRef = DC666B072A69531B00A99CD7 /* AddNoteViewController.swift */; };
		DC666B0A2A69532600A99CD7 /* EditNoteViewController.swift in Sources */ = {isa = PBXBuildFile; fileRef = DC666B092A69532600A99CD7 /* EditNoteViewController.swift */; };
		DC666B0D2A695E5600A99CD7 /* UITextViewExtension.swift in Sources */ = {isa = PBXBuildFile; fileRef = DC666B0C2A695E5500A99CD7 /* UITextViewExtension.swift */; };
		DC6EF7DB2A8644E000F3198F /* Validation.swift in Sources */ = {isa = PBXBuildFile; fileRef = DC6EF7DA2A8644E000F3198F /* Validation.swift */; };
		DC9C8AC62A65743D0033FA4B /* UILabelExtension.swift in Sources */ = {isa = PBXBuildFile; fileRef = DC9C8AC52A65743D0033FA4B /* UILabelExtension.swift */; };
		DCAD18072A5E7B1700ABF13B /* Fonts.swift in Sources */ = {isa = PBXBuildFile; fileRef = DCAD18062A5E7B1700ABF13B /* Fonts.swift */; };
		DCAD18092A5E7BA900ABF13B /* UIFont+Extensions.swift in Sources */ = {isa = PBXBuildFile; fileRef = DCAD18082A5E7BA900ABF13B /* UIFont+Extensions.swift */; };
		DCC45A112A67B7AB003130FD /* ProfileViewController.swift in Sources */ = {isa = PBXBuildFile; fileRef = DCC45A102A67B7AB003130FD /* ProfileViewController.swift */; };
		DCC45A132A67C040003130FD /* ChangePasswordViewController.swift in Sources */ = {isa = PBXBuildFile; fileRef = DCC45A122A67C040003130FD /* ChangePasswordViewController.swift */; };
		DCC45A152A67CB00003130FD /* NotesViewController.swift in Sources */ = {isa = PBXBuildFile; fileRef = DCC45A142A67CB00003130FD /* NotesViewController.swift */; };
		DCC45A182A67E2C0003130FD /* NotesTableViewCell.swift in Sources */ = {isa = PBXBuildFile; fileRef = DCC45A172A67E2C0003130FD /* NotesTableViewCell.swift */; };
		DCFADAD42A5D977300E3A47F /* swiftgen.yml in Resources */ = {isa = PBXBuildFile; fileRef = DCFADAD32A5D977300E3A47F /* swiftgen.yml */; };
		DCFADADC2A5DAD4600E3A47F /* General.strings in Resources */ = {isa = PBXBuildFile; fileRef = DCFADADB2A5DAD4600E3A47F /* General.strings */; };
		DCFADAE02A5DB97600E3A47F /* Images.xcassets in Resources */ = {isa = PBXBuildFile; fileRef = DCFADADF2A5DB97600E3A47F /* Images.xcassets */; };
		DCFADAE22A5DB99100E3A47F /* Colors.xcassets in Resources */ = {isa = PBXBuildFile; fileRef = DCFADAE12A5DB99100E3A47F /* Colors.xcassets */; };
		DCFADAE52A5DBA3500E3A47F /* Icons.xcassets in Resources */ = {isa = PBXBuildFile; fileRef = DCFADAE42A5DBA3500E3A47F /* Icons.xcassets */; };
		DCFADAE92A5DBCC000E3A47F /* Assets.swift in Sources */ = {isa = PBXBuildFile; fileRef = DCFADAE82A5DBCC000E3A47F /* Assets.swift */; };
		DCFADAEB2A5DBE6300E3A47F /* Placeholder.strings in Resources */ = {isa = PBXBuildFile; fileRef = DCFADAEA2A5DBE6300E3A47F /* Placeholder.strings */; };
		DCFADAED2A5DC0B100E3A47F /* Modules.strings in Resources */ = {isa = PBXBuildFile; fileRef = DCFADAEC2A5DC0B100E3A47F /* Modules.strings */; };
		DCFADAEF2A5DC3BA00E3A47F /* Error.strings in Resources */ = {isa = PBXBuildFile; fileRef = DCFADAEE2A5DC3BA00E3A47F /* Error.strings */; };
		DCFADAF12A5DD38600E3A47F /* StringConstants.swift in Sources */ = {isa = PBXBuildFile; fileRef = DCFADAF02A5DD38600E3A47F /* StringConstants.swift */; };
/* End PBXBuildFile section */

/* Begin PBXFileReference section */
		4029CB383438AE57A958ECCA /* Pods_BasicNoteApp.framework */ = {isa = PBXFileReference; explicitFileType = wrapper.framework; includeInIndex = 0; path = Pods_BasicNoteApp.framework; sourceTree = BUILT_PRODUCTS_DIR; };
		4D1B8C0681C5313615C0173E /* Pods-BasicNoteApp.release.xcconfig */ = {isa = PBXFileReference; includeInIndex = 1; lastKnownFileType = text.xcconfig; name = "Pods-BasicNoteApp.release.xcconfig"; path = "Target Support Files/Pods-BasicNoteApp/Pods-BasicNoteApp.release.xcconfig"; sourceTree = "<group>"; };
		8ED64190D5517324A9B63D14 /* Pods-BasicNoteApp.debug.xcconfig */ = {isa = PBXFileReference; includeInIndex = 1; lastKnownFileType = text.xcconfig; name = "Pods-BasicNoteApp.debug.xcconfig"; path = "Target Support Files/Pods-BasicNoteApp/Pods-BasicNoteApp.debug.xcconfig"; sourceTree = "<group>"; };
		DC0069672A728A1E005DD79D /* NoteService.swift */ = {isa = PBXFileReference; lastKnownFileType = sourcecode.swift; path = NoteService.swift; sourceTree = "<group>"; };
		DC0069692A728A73005DD79D /* Note.swift */ = {isa = PBXFileReference; lastKnownFileType = sourcecode.swift; path = Note.swift; sourceTree = "<group>"; };
		DC00696B2A729DE4005DD79D /* NoteViewModel.swift */ = {isa = PBXFileReference; lastKnownFileType = sourcecode.swift; path = NoteViewModel.swift; sourceTree = "<group>"; };
		DC00696D2A729DFA005DD79D /* NoteProtocol.swift */ = {isa = PBXFileReference; lastKnownFileType = sourcecode.swift; path = NoteProtocol.swift; sourceTree = "<group>"; };
		DC0214A82A6A7E5600125957 /* CustomBottomSheetView.swift */ = {isa = PBXFileReference; lastKnownFileType = sourcecode.swift; path = CustomBottomSheetView.swift; sourceTree = "<group>"; };
		DC1B00FA2A711D1000F74842 /* .swiftlint.yml */ = {isa = PBXFileReference; fileEncoding = 4; lastKnownFileType = text.yaml; path = .swiftlint.yml; sourceTree = "<group>"; };
		DC1B00FE2A711D3700F74842 /* AuthService.swift */ = {isa = PBXFileReference; lastKnownFileType = sourcecode.swift; path = AuthService.swift; sourceTree = "<group>"; };
		DC1B01012A711E5B00F74842 /* AuthProtocol.swift */ = {isa = PBXFileReference; lastKnownFileType = sourcecode.swift; path = AuthProtocol.swift; sourceTree = "<group>"; };
		DC1B010B2A711F3A00F74842 /* Constant.swift */ = {isa = PBXFileReference; lastKnownFileType = sourcecode.swift; path = Constant.swift; sourceTree = "<group>"; };
		DC1B01122A71218700F74842 /* AuthViewModel.swift */ = {isa = PBXFileReference; lastKnownFileType = sourcecode.swift; path = AuthViewModel.swift; sourceTree = "<group>"; };
		DC1B01152A713F6F00F74842 /* LocalService.swift */ = {isa = PBXFileReference; lastKnownFileType = sourcecode.swift; path = LocalService.swift; sourceTree = "<group>"; };
		DC1B01172A713F8900F74842 /* LocalProtocol.swift */ = {isa = PBXFileReference; lastKnownFileType = sourcecode.swift; path = LocalProtocol.swift; sourceTree = "<group>"; };
		DC1B011D2A714BBB00F74842 /* Error.swift */ = {isa = PBXFileReference; lastKnownFileType = sourcecode.swift; path = Error.swift; sourceTree = "<group>"; };
		DC1B011F2A714C7700F74842 /* UserProtocol.swift */ = {isa = PBXFileReference; lastKnownFileType = sourcecode.swift; path = UserProtocol.swift; sourceTree = "<group>"; };
		DC1B01212A714CA200F74842 /* UserViewModel.swift */ = {isa = PBXFileReference; lastKnownFileType = sourcecode.swift; path = UserViewModel.swift; sourceTree = "<group>"; };
		DC1C55852A7A3F87008DD5EE /* PreviewViewController.swift */ = {isa = PBXFileReference; lastKnownFileType = sourcecode.swift; path = PreviewViewController.swift; sourceTree = "<group>"; };
		DC1C55872A7A4538008DD5EE /* UserService.swift */ = {isa = PBXFileReference; lastKnownFileType = sourcecode.swift; path = UserService.swift; sourceTree = "<group>"; };
		DC1C55892A7A457F008DD5EE /* User.swift */ = {isa = PBXFileReference; lastKnownFileType = sourcecode.swift; path = User.swift; sourceTree = "<group>"; };
		DC1C558B2A7A4619008DD5EE /* Auth.swift */ = {isa = PBXFileReference; lastKnownFileType = sourcecode.swift; path = Auth.swift; sourceTree = "<group>"; };
		DC1D040F2A6133AE00467F5E /* UIViewControllerExtenstion.swift */ = {isa = PBXFileReference; lastKnownFileType = sourcecode.swift; path = UIViewControllerExtenstion.swift; sourceTree = "<group>"; };
		DC1D04132A61393800467F5E /* FloatLabelTextField.swift */ = {isa = PBXFileReference; lastKnownFileType = sourcecode.swift; path = FloatLabelTextField.swift; sourceTree = "<group>"; };
		DC3B24A82A667C8F0013E83D /* LoginViewController.swift */ = {isa = PBXFileReference; lastKnownFileType = sourcecode.swift; path = LoginViewController.swift; sourceTree = "<group>"; };
		DC3B24AA2A6685740013E83D /* ForgotPasswordViewController.swift */ = {isa = PBXFileReference; lastKnownFileType = sourcecode.swift; path = ForgotPasswordViewController.swift; sourceTree = "<group>"; };
		DC5D15822A5C4D1C00A4037C /* BasicNoteApp.app */ = {isa = PBXFileReference; explicitFileType = wrapper.application; includeInIndex = 0; path = BasicNoteApp.app; sourceTree = BUILT_PRODUCTS_DIR; };
		DC5D15852A5C4D1C00A4037C /* AppDelegate.swift */ = {isa = PBXFileReference; lastKnownFileType = sourcecode.swift; path = AppDelegate.swift; sourceTree = "<group>"; };
		DC5D15872A5C4D1C00A4037C /* SceneDelegate.swift */ = {isa = PBXFileReference; lastKnownFileType = sourcecode.swift; path = SceneDelegate.swift; sourceTree = "<group>"; };
		DC5D15892A5C4D1C00A4037C /* RegisterViewController.swift */ = {isa = PBXFileReference; lastKnownFileType = sourcecode.swift; path = RegisterViewController.swift; sourceTree = "<group>"; };
		DC5D15912A5C4D1E00A4037C /* Base */ = {isa = PBXFileReference; lastKnownFileType = file.storyboard; name = Base; path = Base.lproj/LaunchScreen.storyboard; sourceTree = "<group>"; };
		DC5D15932A5C4D1E00A4037C /* Info.plist */ = {isa = PBXFileReference; lastKnownFileType = text.plist.xml; path = Info.plist; sourceTree = "<group>"; };
		DC666B072A69531B00A99CD7 /* AddNoteViewController.swift */ = {isa = PBXFileReference; lastKnownFileType = sourcecode.swift; path = AddNoteViewController.swift; sourceTree = "<group>"; };
		DC666B092A69532600A99CD7 /* EditNoteViewController.swift */ = {isa = PBXFileReference; lastKnownFileType = sourcecode.swift; path = EditNoteViewController.swift; sourceTree = "<group>"; };
		DC666B0C2A695E5500A99CD7 /* UITextViewExtension.swift */ = {isa = PBXFileReference; lastKnownFileType = sourcecode.swift; path = UITextViewExtension.swift; sourceTree = "<group>"; };
		DC6EF7DA2A8644E000F3198F /* Validation.swift */ = {isa = PBXFileReference; lastKnownFileType = sourcecode.swift; path = Validation.swift; sourceTree = "<group>"; };
		DC9C8AC52A65743D0033FA4B /* UILabelExtension.swift */ = {isa = PBXFileReference; lastKnownFileType = sourcecode.swift; path = UILabelExtension.swift; sourceTree = "<group>"; };
		DCAD18032A5E7A7800ABF13B /* Inter-Light.ttf */ = {isa = PBXFileReference; lastKnownFileType = file; path = "Inter-Light.ttf"; sourceTree = "<group>"; };
		DCAD18042A5E7A8E00ABF13B /* Inter-Bold.ttf */ = {isa = PBXFileReference; lastKnownFileType = file; path = "Inter-Bold.ttf"; sourceTree = "<group>"; };
		DCAD18052A5E7A9A00ABF13B /* Inter-Regular.ttf */ = {isa = PBXFileReference; lastKnownFileType = file; path = "Inter-Regular.ttf"; sourceTree = "<group>"; };
		DCAD18062A5E7B1700ABF13B /* Fonts.swift */ = {isa = PBXFileReference; fileEncoding = 4; lastKnownFileType = sourcecode.swift; path = Fonts.swift; sourceTree = "<group>"; };
		DCAD18082A5E7BA900ABF13B /* UIFont+Extensions.swift */ = {isa = PBXFileReference; lastKnownFileType = sourcecode.swift; path = "UIFont+Extensions.swift"; sourceTree = "<group>"; };
		DCC45A102A67B7AB003130FD /* ProfileViewController.swift */ = {isa = PBXFileReference; lastKnownFileType = sourcecode.swift; path = ProfileViewController.swift; sourceTree = "<group>"; };
		DCC45A122A67C040003130FD /* ChangePasswordViewController.swift */ = {isa = PBXFileReference; lastKnownFileType = sourcecode.swift; path = ChangePasswordViewController.swift; sourceTree = "<group>"; };
		DCC45A142A67CB00003130FD /* NotesViewController.swift */ = {isa = PBXFileReference; lastKnownFileType = sourcecode.swift; path = NotesViewController.swift; sourceTree = "<group>"; };
		DCC45A172A67E2C0003130FD /* NotesTableViewCell.swift */ = {isa = PBXFileReference; lastKnownFileType = sourcecode.swift; path = NotesTableViewCell.swift; sourceTree = "<group>"; };
		DCFADAD32A5D977300E3A47F /* swiftgen.yml */ = {isa = PBXFileReference; lastKnownFileType = text.yaml; path = swiftgen.yml; sourceTree = "<group>"; };
		DCFADADB2A5DAD4600E3A47F /* General.strings */ = {isa = PBXFileReference; lastKnownFileType = text.plist.strings; path = General.strings; sourceTree = "<group>"; };
		DCFADADD2A5DB16100E3A47F /* Inter-SemiBold.ttf */ = {isa = PBXFileReference; lastKnownFileType = file; path = "Inter-SemiBold.ttf"; sourceTree = "<group>"; };
		DCFADADE2A5DB16900E3A47F /* Inter-Medium.ttf */ = {isa = PBXFileReference; lastKnownFileType = file; path = "Inter-Medium.ttf"; sourceTree = "<group>"; };
		DCFADADF2A5DB97600E3A47F /* Images.xcassets */ = {isa = PBXFileReference; lastKnownFileType = folder.assetcatalog; path = Images.xcassets; sourceTree = "<group>"; };
		DCFADAE12A5DB99100E3A47F /* Colors.xcassets */ = {isa = PBXFileReference; lastKnownFileType = folder.assetcatalog; path = Colors.xcassets; sourceTree = "<group>"; };
		DCFADAE42A5DBA3500E3A47F /* Icons.xcassets */ = {isa = PBXFileReference; lastKnownFileType = folder.assetcatalog; path = Icons.xcassets; sourceTree = "<group>"; };
		DCFADAE82A5DBCC000E3A47F /* Assets.swift */ = {isa = PBXFileReference; fileEncoding = 4; lastKnownFileType = sourcecode.swift; path = Assets.swift; sourceTree = "<group>"; };
		DCFADAEA2A5DBE6300E3A47F /* Placeholder.strings */ = {isa = PBXFileReference; lastKnownFileType = text.plist.strings; path = Placeholder.strings; sourceTree = "<group>"; };
		DCFADAEC2A5DC0B100E3A47F /* Modules.strings */ = {isa = PBXFileReference; lastKnownFileType = text.plist.strings; path = Modules.strings; sourceTree = "<group>"; };
		DCFADAEE2A5DC3BA00E3A47F /* Error.strings */ = {isa = PBXFileReference; lastKnownFileType = text.plist.strings; path = Error.strings; sourceTree = "<group>"; };
		DCFADAF02A5DD38600E3A47F /* StringConstants.swift */ = {isa = PBXFileReference; fileEncoding = 4; lastKnownFileType = sourcecode.swift; path = StringConstants.swift; sourceTree = "<group>"; };
/* End PBXFileReference section */

/* Begin PBXFrameworksBuildPhase section */
		DC5D157F2A5C4D1C00A4037C /* Frameworks */ = {
			isa = PBXFrameworksBuildPhase;
			buildActionMask = 2147483647;
			files = (
				AA7E4ECB25A0946E3EC9EC42 /* Pods_BasicNoteApp.framework in Frameworks */,
			);
			runOnlyForDeploymentPostprocessing = 0;
		};
/* End PBXFrameworksBuildPhase section */

/* Begin PBXGroup section */
		375E03ACE6419DFF2845771C /* Frameworks */ = {
			isa = PBXGroup;
			children = (
				4029CB383438AE57A958ECCA /* Pods_BasicNoteApp.framework */,
			);
			name = Frameworks;
			sourceTree = "<group>";
		};
		B9F392BBB9474C6E802BE356 /* Pods */ = {
			isa = PBXGroup;
			children = (
				8ED64190D5517324A9B63D14 /* Pods-BasicNoteApp.debug.xcconfig */,
				4D1B8C0681C5313615C0173E /* Pods-BasicNoteApp.release.xcconfig */,
			);
			path = Pods;
			sourceTree = "<group>";
		};
		DC0DC8F82A5FF26D0033C534 /* AppDelegate */ = {
			isa = PBXGroup;
			children = (
				DC5D15852A5C4D1C00A4037C /* AppDelegate.swift */,
				DC5D15872A5C4D1C00A4037C /* SceneDelegate.swift */,
			);
			path = AppDelegate;
			sourceTree = "<group>";
		};
		DC1B00FC2A711D1F00F74842 /* Managers */ = {
			isa = PBXGroup;
			children = (
				DC1B01142A713F5C00F74842 /* LocalService */,
				DC1B00FD2A711D2600F74842 /* ApiService */,
			);
			path = Managers;
			sourceTree = "<group>";
		};
		DC1B00FD2A711D2600F74842 /* ApiService */ = {
			isa = PBXGroup;
			children = (
				DC1B00FE2A711D3700F74842 /* AuthService.swift */,
				DC0069672A728A1E005DD79D /* NoteService.swift */,
				DC1C55872A7A4538008DD5EE /* UserService.swift */,
			);
			path = ApiService;
			sourceTree = "<group>";
		};
		DC1B01002A711E4E00F74842 /* Protocols */ = {
			isa = PBXGroup;
			children = (
				DC1B01012A711E5B00F74842 /* AuthProtocol.swift */,
				DC1B01172A713F8900F74842 /* LocalProtocol.swift */,
				DC1B011F2A714C7700F74842 /* UserProtocol.swift */,
				DC00696D2A729DFA005DD79D /* NoteProtocol.swift */,
			);
			path = Protocols;
			sourceTree = "<group>";
		};
		DC1B01032A711E8000F74842 /* Model */ = {
			isa = PBXGroup;
			children = (
				DC1C558B2A7A4619008DD5EE /* Auth.swift */,
				DC0069692A728A73005DD79D /* Note.swift */,
				DC1C55892A7A457F008DD5EE /* User.swift */,
			);
			path = Model;
			sourceTree = "<group>";
		};
		DC1B010A2A711F2700F74842 /* Constants */ = {
			isa = PBXGroup;
			children = (
				DC1B010B2A711F3A00F74842 /* Constant.swift */,
				DC1B011D2A714BBB00F74842 /* Error.swift */,
			);
			path = Constants;
			sourceTree = "<group>";
		};
		DC1B01112A71217100F74842 /* ViewModels */ = {
			isa = PBXGroup;
			children = (
				DC1B01122A71218700F74842 /* AuthViewModel.swift */,
				DC1B01212A714CA200F74842 /* UserViewModel.swift */,
				DC00696B2A729DE4005DD79D /* NoteViewModel.swift */,
			);
			path = ViewModels;
			sourceTree = "<group>";
		};
		DC1B01142A713F5C00F74842 /* LocalService */ = {
			isa = PBXGroup;
			children = (
				DC1B01152A713F6F00F74842 /* LocalService.swift */,
			);
			path = LocalService;
			sourceTree = "<group>";
		};
		DC1D04112A6138EE00467F5E /* UIComponents */ = {
			isa = PBXGroup;
			children = (
				DC666B0B2A695E3500A99CD7 /* UITextView */,
				DC9C8AC42A65741D0033FA4B /* UILabel */,
				DC1D04152A613A0200467F5E /* UIViewController */,
				DCFADAD82A5DAB0700E3A47F /* Resources */,
				DC1D04122A6138FA00467F5E /* UITextField */,
			);
			path = UIComponents;
			sourceTree = "<group>";
		};
		DC1D04122A6138FA00467F5E /* UITextField */ = {
			isa = PBXGroup;
			children = (
				DC1D04132A61393800467F5E /* FloatLabelTextField.swift */,
			);
			path = UITextField;
			sourceTree = "<group>";
		};
		DC1D04152A613A0200467F5E /* UIViewController */ = {
			isa = PBXGroup;
			children = (
				DC0214A82A6A7E5600125957 /* CustomBottomSheetView.swift */,
				DC1D040F2A6133AE00467F5E /* UIViewControllerExtenstion.swift */,
			);
			path = UIViewController;
			sourceTree = "<group>";
		};
		DC3B24A72A667C6A0013E83D /* Controller */ = {
			isa = PBXGroup;
			children = (
				DC5D15892A5C4D1C00A4037C /* RegisterViewController.swift */,
				DC3B24A82A667C8F0013E83D /* LoginViewController.swift */,
				DC3B24AA2A6685740013E83D /* ForgotPasswordViewController.swift */,
				DCC45A102A67B7AB003130FD /* ProfileViewController.swift */,
				DCC45A122A67C040003130FD /* ChangePasswordViewController.swift */,
				DCC45A142A67CB00003130FD /* NotesViewController.swift */,
				DC666B072A69531B00A99CD7 /* AddNoteViewController.swift */,
				DC666B092A69532600A99CD7 /* EditNoteViewController.swift */,
				DC1C55852A7A3F87008DD5EE /* PreviewViewController.swift */,
			);
			path = Controller;
			sourceTree = "<group>";
		};
		DC5D15792A5C4D1C00A4037C = {
			isa = PBXGroup;
			children = (
				DCFADAD32A5D977300E3A47F /* swiftgen.yml */,
				DC1B00FA2A711D1000F74842 /* .swiftlint.yml */,
				DC5D15842A5C4D1C00A4037C /* BasicNoteApp */,
				DC5D15832A5C4D1C00A4037C /* Products */,
				B9F392BBB9474C6E802BE356 /* Pods */,
				375E03ACE6419DFF2845771C /* Frameworks */,
			);
			sourceTree = "<group>";
		};
		DC5D15832A5C4D1C00A4037C /* Products */ = {
			isa = PBXGroup;
			children = (
				DC5D15822A5C4D1C00A4037C /* BasicNoteApp.app */,
			);
			name = Products;
			sourceTree = "<group>";
		};
		DC5D15842A5C4D1C00A4037C /* BasicNoteApp */ = {
			isa = PBXGroup;
			children = (
				DC6EF7D92A8644D300F3198F /* Validation */,
				DC1B01112A71217100F74842 /* ViewModels */,
				DC1B010A2A711F2700F74842 /* Constants */,
				DC1B01032A711E8000F74842 /* Model */,
				DC1B01002A711E4E00F74842 /* Protocols */,
				DC1B00FC2A711D1F00F74842 /* Managers */,
				DC0DC8F82A5FF26D0033C534 /* AppDelegate */,
				DC1D04112A6138EE00467F5E /* UIComponents */,
				DCC45A162A67E223003130FD /* Views */,
				DC3B24A72A667C6A0013E83D /* Controller */,
				DC5D15902A5C4D1E00A4037C /* LaunchScreen.storyboard */,
				DC5D15932A5C4D1E00A4037C /* Info.plist */,
			);
			path = BasicNoteApp;
			sourceTree = "<group>";
		};
		DC666B0B2A695E3500A99CD7 /* UITextView */ = {
			isa = PBXGroup;
			children = (
				DC666B0C2A695E5500A99CD7 /* UITextViewExtension.swift */,
			);
			path = UITextView;
			sourceTree = "<group>";
		};
		DC6EF7D92A8644D300F3198F /* Validation */ = {
			isa = PBXGroup;
			children = (
				DC6EF7DA2A8644E000F3198F /* Validation.swift */,
			);
			path = Validation;
			sourceTree = "<group>";
		};
		DC9C8AC42A65741D0033FA4B /* UILabel */ = {
			isa = PBXGroup;
			children = (
				DC9C8AC52A65743D0033FA4B /* UILabelExtension.swift */,
			);
			path = UILabel;
			sourceTree = "<group>";
		};
		DCC45A162A67E223003130FD /* Views */ = {
			isa = PBXGroup;
			children = (
				DCC45A172A67E2C0003130FD /* NotesTableViewCell.swift */,
			);
			path = Views;
			sourceTree = "<group>";
		};
		DCFADAD52A5D99B300E3A47F /* Strings */ = {
			isa = PBXGroup;
			children = (
				DCFADAF02A5DD38600E3A47F /* StringConstants.swift */,
				DCFADADB2A5DAD4600E3A47F /* General.strings */,
				DCFADAEA2A5DBE6300E3A47F /* Placeholder.strings */,
				DCFADAEC2A5DC0B100E3A47F /* Modules.strings */,
				DCFADAEE2A5DC3BA00E3A47F /* Error.strings */,
			);
			path = Strings;
			sourceTree = "<group>";
		};
		DCFADAD62A5D99BC00E3A47F /* Fonts */ = {
			isa = PBXGroup;
			children = (
				DCAD18062A5E7B1700ABF13B /* Fonts.swift */,
				DCFADADD2A5DB16100E3A47F /* Inter-SemiBold.ttf */,
				DCFADADE2A5DB16900E3A47F /* Inter-Medium.ttf */,
				DCAD18032A5E7A7800ABF13B /* Inter-Light.ttf */,
				DCAD18042A5E7A8E00ABF13B /* Inter-Bold.ttf */,
				DCAD18052A5E7A9A00ABF13B /* Inter-Regular.ttf */,
				DCAD18082A5E7BA900ABF13B /* UIFont+Extensions.swift */,
			);
			path = Fonts;
			sourceTree = "<group>";
		};
		DCFADAD72A5D9A0300E3A47F /* Assets */ = {
			isa = PBXGroup;
			children = (
				DCFADAE82A5DBCC000E3A47F /* Assets.swift */,
				DCFADADF2A5DB97600E3A47F /* Images.xcassets */,
				DCFADAE12A5DB99100E3A47F /* Colors.xcassets */,
				DCFADAE42A5DBA3500E3A47F /* Icons.xcassets */,
			);
			path = Assets;
			sourceTree = "<group>";
		};
		DCFADAD82A5DAB0700E3A47F /* Resources */ = {
			isa = PBXGroup;
			children = (
				DCFADAD72A5D9A0300E3A47F /* Assets */,
				DCFADAD62A5D99BC00E3A47F /* Fonts */,
				DCFADAD52A5D99B300E3A47F /* Strings */,
			);
			path = Resources;
			sourceTree = "<group>";
		};
/* End PBXGroup section */

/* Begin PBXNativeTarget section */
		DC5D15812A5C4D1C00A4037C /* BasicNoteApp */ = {
			isa = PBXNativeTarget;
			buildConfigurationList = DC5D15962A5C4D1E00A4037C /* Build configuration list for PBXNativeTarget "BasicNoteApp" */;
			buildPhases = (
				A26952DAE30092C986CE869A /* [CP] Check Pods Manifest.lock */,
				DC5D157E2A5C4D1C00A4037C /* Sources */,
				DC5D157F2A5C4D1C00A4037C /* Frameworks */,
				DC5D15802A5C4D1C00A4037C /* Resources */,
				DCAD180A2A5EDFE600ABF13B /* SwiftLint */,
				DCAD180B2A5EF90400ABF13B /* SwiftGen */,
				09E0D02B0FFB4B71AD65CEE6 /* [CP] Embed Pods Frameworks */,
			);
			buildRules = (
			);
			dependencies = (
			);
			name = BasicNoteApp;
			productName = BasicNoteApp;
			productReference = DC5D15822A5C4D1C00A4037C /* BasicNoteApp.app */;
			productType = "com.apple.product-type.application";
		};
/* End PBXNativeTarget section */

/* Begin PBXProject section */
		DC5D157A2A5C4D1C00A4037C /* Project object */ = {
			isa = PBXProject;
			attributes = {
				BuildIndependentTargetsInParallel = 1;
				LastSwiftUpdateCheck = 1500;
				LastUpgradeCheck = 1500;
				TargetAttributes = {
					DC5D15812A5C4D1C00A4037C = {
						CreatedOnToolsVersion = 15.0;
					};
				};
			};
			buildConfigurationList = DC5D157D2A5C4D1C00A4037C /* Build configuration list for PBXProject "BasicNoteApp" */;
			compatibilityVersion = "Xcode 14.0";
			developmentRegion = en;
			hasScannedForEncodings = 0;
			knownRegions = (
				en,
				Base,
			);
			mainGroup = DC5D15792A5C4D1C00A4037C;
			productRefGroup = DC5D15832A5C4D1C00A4037C /* Products */;
			projectDirPath = "";
			projectRoot = "";
			targets = (
				DC5D15812A5C4D1C00A4037C /* BasicNoteApp */,
			);
		};
/* End PBXProject section */

/* Begin PBXResourcesBuildPhase section */
		DC5D15802A5C4D1C00A4037C /* Resources */ = {
			isa = PBXResourcesBuildPhase;
			buildActionMask = 2147483647;
			files = (
				DC1B00FB2A711D1000F74842 /* .swiftlint.yml in Resources */,
				DC0DC8FB2A600AD20033C534 /* Inter-SemiBold.ttf in Resources */,
				DC0DC8FC2A600AD20033C534 /* Inter-Medium.ttf in Resources */,
				DC0DC8FD2A600AD20033C534 /* Inter-Light.ttf in Resources */,
				DC0DC8FE2A600AD20033C534 /* Inter-Bold.ttf in Resources */,
				DC0DC8FF2A600AD20033C534 /* Inter-Regular.ttf in Resources */,
				DC5D15922A5C4D1E00A4037C /* LaunchScreen.storyboard in Resources */,
				DCFADAE52A5DBA3500E3A47F /* Icons.xcassets in Resources */,
				DCFADAD42A5D977300E3A47F /* swiftgen.yml in Resources */,
				DCFADAE22A5DB99100E3A47F /* Colors.xcassets in Resources */,
				DCFADAEF2A5DC3BA00E3A47F /* Error.strings in Resources */,
				DCFADAE02A5DB97600E3A47F /* Images.xcassets in Resources */,
				DCFADAED2A5DC0B100E3A47F /* Modules.strings in Resources */,
				DCFADAEB2A5DBE6300E3A47F /* Placeholder.strings in Resources */,
				DCFADADC2A5DAD4600E3A47F /* General.strings in Resources */,
			);
			runOnlyForDeploymentPostprocessing = 0;
		};
/* End PBXResourcesBuildPhase section */

/* Begin PBXShellScriptBuildPhase section */
		09E0D02B0FFB4B71AD65CEE6 /* [CP] Embed Pods Frameworks */ = {
			isa = PBXShellScriptBuildPhase;
			buildActionMask = 2147483647;
			files = (
			);
			inputFileListPaths = (
				"${PODS_ROOT}/Target Support Files/Pods-BasicNoteApp/Pods-BasicNoteApp-frameworks-${CONFIGURATION}-input-files.xcfilelist",
			);
			name = "[CP] Embed Pods Frameworks";
			outputFileListPaths = (
				"${PODS_ROOT}/Target Support Files/Pods-BasicNoteApp/Pods-BasicNoteApp-frameworks-${CONFIGURATION}-output-files.xcfilelist",
			);
			runOnlyForDeploymentPostprocessing = 0;
			shellPath = /bin/sh;
			shellScript = "\"${PODS_ROOT}/Target Support Files/Pods-BasicNoteApp/Pods-BasicNoteApp-frameworks.sh\"\n";
			showEnvVarsInLog = 0;
		};
		A26952DAE30092C986CE869A /* [CP] Check Pods Manifest.lock */ = {
			isa = PBXShellScriptBuildPhase;
			buildActionMask = 2147483647;
			files = (
			);
			inputFileListPaths = (
			);
			inputPaths = (
				"${PODS_PODFILE_DIR_PATH}/Podfile.lock",
				"${PODS_ROOT}/Manifest.lock",
			);
			name = "[CP] Check Pods Manifest.lock";
			outputFileListPaths = (
			);
			outputPaths = (
				"$(DERIVED_FILE_DIR)/Pods-BasicNoteApp-checkManifestLockResult.txt",
			);
			runOnlyForDeploymentPostprocessing = 0;
			shellPath = /bin/sh;
			shellScript = "diff \"${PODS_PODFILE_DIR_PATH}/Podfile.lock\" \"${PODS_ROOT}/Manifest.lock\" > /dev/null\nif [ $? != 0 ] ; then\n    # print error to STDERR\n    echo \"error: The sandbox is not in sync with the Podfile.lock. Run 'pod install' or update your CocoaPods installation.\" >&2\n    exit 1\nfi\n# This output is used by Xcode 'outputs' to avoid re-running this script phase.\necho \"SUCCESS\" > \"${SCRIPT_OUTPUT_FILE_0}\"\n";
			showEnvVarsInLog = 0;
		};
		DCAD180A2A5EDFE600ABF13B /* SwiftLint */ = {
			isa = PBXShellScriptBuildPhase;
			buildActionMask = 2147483647;
			files = (
			);
			inputFileListPaths = (
			);
			inputPaths = (
			);
			name = SwiftLint;
			outputFileListPaths = (
			);
			outputPaths = (
			);
			runOnlyForDeploymentPostprocessing = 0;
			shellPath = /bin/sh;
			shellScript = "\"${PODS_ROOT}/SwiftLint/swiftlint\"\n";
		};
		DCAD180B2A5EF90400ABF13B /* SwiftGen */ = {
			isa = PBXShellScriptBuildPhase;
			buildActionMask = 2147483647;
			files = (
			);
			inputFileListPaths = (
			);
			inputPaths = (
			);
			name = SwiftGen;
			outputFileListPaths = (
			);
			outputPaths = (
			);
			runOnlyForDeploymentPostprocessing = 0;
			shellPath = /bin/sh;
			shellScript = "if [[ -f \"${PODS_ROOT}/SwiftGen/bin/swiftgen\" ]]; then\n  \"${PODS_ROOT}/SwiftGen/bin/swiftgen\"\nelse\n  echo \"warning: SwiftGen is not installed. Run 'pod install --repo-update' to install it.\"\nfi\n\n";
		};
/* End PBXShellScriptBuildPhase section */

/* Begin PBXSourcesBuildPhase section */
		DC5D157E2A5C4D1C00A4037C /* Sources */ = {
			isa = PBXSourcesBuildPhase;
			buildActionMask = 2147483647;
			files = (
				DC00696C2A729DE4005DD79D /* NoteViewModel.swift in Sources */,
				DCAD18072A5E7B1700ABF13B /* Fonts.swift in Sources */,
				DC5D158A2A5C4D1C00A4037C /* RegisterViewController.swift in Sources */,
				DC1B01182A713F8900F74842 /* LocalProtocol.swift in Sources */,
				DC9C8AC62A65743D0033FA4B /* UILabelExtension.swift in Sources */,
				DC1B01202A714C7700F74842 /* UserProtocol.swift in Sources */,
				DC1D04102A6133AE00467F5E /* UIViewControllerExtenstion.swift in Sources */,
				DC666B0A2A69532600A99CD7 /* EditNoteViewController.swift in Sources */,
				DCFADAF12A5DD38600E3A47F /* StringConstants.swift in Sources */,
				DC1B00FF2A711D3700F74842 /* AuthService.swift in Sources */,
				DC1C558C2A7A4619008DD5EE /* Auth.swift in Sources */,
				DC5D15862A5C4D1C00A4037C /* AppDelegate.swift in Sources */,
				DCFADAE92A5DBCC000E3A47F /* Assets.swift in Sources */,
				DC1B01022A711E5B00F74842 /* AuthProtocol.swift in Sources */,
				DC1C55882A7A4538008DD5EE /* UserService.swift in Sources */,
				DC1D04142A61393800467F5E /* FloatLabelTextField.swift in Sources */,
				DC1B010C2A711F3A00F74842 /* Constant.swift in Sources */,
				DC3B24AB2A6685740013E83D /* ForgotPasswordViewController.swift in Sources */,
				DC1B01162A713F6F00F74842 /* LocalService.swift in Sources */,
				DC5D15882A5C4D1C00A4037C /* SceneDelegate.swift in Sources */,
				DCC45A112A67B7AB003130FD /* ProfileViewController.swift in Sources */,
				DCC45A152A67CB00003130FD /* NotesViewController.swift in Sources */,
				DC00696A2A728A73005DD79D /* Note.swift in Sources */,
				DC666B0D2A695E5600A99CD7 /* UITextViewExtension.swift in Sources */,
				DC1C558A2A7A457F008DD5EE /* User.swift in Sources */,
				DC0214A92A6A7E5600125957 /* CustomBottomSheetView.swift in Sources */,
				DC1C55862A7A3F87008DD5EE /* PreviewViewController.swift in Sources */,
				DC0069682A728A1E005DD79D /* NoteService.swift in Sources */,
				DC666B082A69531B00A99CD7 /* AddNoteViewController.swift in Sources */,
				DCAD18092A5E7BA900ABF13B /* UIFont+Extensions.swift in Sources */,
				DC1B01222A714CA200F74842 /* UserViewModel.swift in Sources */,
				DC00696E2A729DFA005DD79D /* NoteProtocol.swift in Sources */,
				DC6EF7DB2A8644E000F3198F /* Validation.swift in Sources */,
				DC1B01132A71218700F74842 /* AuthViewModel.swift in Sources */,
				DC3B24A92A667C8F0013E83D /* LoginViewController.swift in Sources */,
				DCC45A132A67C040003130FD /* ChangePasswordViewController.swift in Sources */,
				DCC45A182A67E2C0003130FD /* NotesTableViewCell.swift in Sources */,
				DC1B011E2A714BBB00F74842 /* Error.swift in Sources */,
			);
			runOnlyForDeploymentPostprocessing = 0;
		};
/* End PBXSourcesBuildPhase section */

/* Begin PBXVariantGroup section */
		DC5D15902A5C4D1E00A4037C /* LaunchScreen.storyboard */ = {
			isa = PBXVariantGroup;
			children = (
				DC5D15912A5C4D1E00A4037C /* Base */,
			);
			name = LaunchScreen.storyboard;
			sourceTree = "<group>";
		};
/* End PBXVariantGroup section */

/* Begin XCBuildConfiguration section */
		DC5D15942A5C4D1E00A4037C /* Debug */ = {
			isa = XCBuildConfiguration;
			buildSettings = {
				ALWAYS_SEARCH_USER_PATHS = NO;
				ASSETCATALOG_COMPILER_GENERATE_SWIFT_ASSET_SYMBOL_EXTENSIONS = YES;
				CLANG_ANALYZER_NONNULL = YES;
				CLANG_ANALYZER_NUMBER_OBJECT_CONVERSION = YES_AGGRESSIVE;
				CLANG_CXX_LANGUAGE_STANDARD = "gnu++20";
				CLANG_ENABLE_MODULES = YES;
				CLANG_ENABLE_OBJC_ARC = YES;
				CLANG_ENABLE_OBJC_WEAK = YES;
				CLANG_WARN_BLOCK_CAPTURE_AUTORELEASING = YES;
				CLANG_WARN_BOOL_CONVERSION = YES;
				CLANG_WARN_COMMA = YES;
				CLANG_WARN_CONSTANT_CONVERSION = YES;
				CLANG_WARN_DEPRECATED_OBJC_IMPLEMENTATIONS = YES;
				CLANG_WARN_DIRECT_OBJC_ISA_USAGE = YES_ERROR;
				CLANG_WARN_DOCUMENTATION_COMMENTS = YES;
				CLANG_WARN_EMPTY_BODY = YES;
				CLANG_WARN_ENUM_CONVERSION = YES;
				CLANG_WARN_INFINITE_RECURSION = YES;
				CLANG_WARN_INT_CONVERSION = YES;
				CLANG_WARN_NON_LITERAL_NULL_CONVERSION = YES;
				CLANG_WARN_OBJC_IMPLICIT_RETAIN_SELF = YES;
				CLANG_WARN_OBJC_LITERAL_CONVERSION = YES;
				CLANG_WARN_OBJC_ROOT_CLASS = YES_ERROR;
				CLANG_WARN_QUOTED_INCLUDE_IN_FRAMEWORK_HEADER = YES;
				CLANG_WARN_RANGE_LOOP_ANALYSIS = YES;
				CLANG_WARN_STRICT_PROTOTYPES = YES;
				CLANG_WARN_SUSPICIOUS_MOVE = YES;
				CLANG_WARN_UNGUARDED_AVAILABILITY = YES_AGGRESSIVE;
				CLANG_WARN_UNREACHABLE_CODE = YES;
				CLANG_WARN__DUPLICATE_METHOD_MATCH = YES;
				COPY_PHASE_STRIP = NO;
				DEBUG_INFORMATION_FORMAT = dwarf;
				ENABLE_STRICT_OBJC_MSGSEND = YES;
				ENABLE_TESTABILITY = YES;
				ENABLE_USER_SCRIPT_SANDBOXING = YES;
				GCC_C_LANGUAGE_STANDARD = gnu17;
				GCC_DYNAMIC_NO_PIC = NO;
				GCC_NO_COMMON_BLOCKS = YES;
				GCC_OPTIMIZATION_LEVEL = 0;
				GCC_PREPROCESSOR_DEFINITIONS = (
					"DEBUG=1",
					"$(inherited)",
				);
				GCC_WARN_64_TO_32_BIT_CONVERSION = YES;
				GCC_WARN_ABOUT_RETURN_TYPE = YES_ERROR;
				GCC_WARN_UNDECLARED_SELECTOR = YES;
				GCC_WARN_UNINITIALIZED_AUTOS = YES_AGGRESSIVE;
				GCC_WARN_UNUSED_FUNCTION = YES;
				GCC_WARN_UNUSED_VARIABLE = YES;
				IPHONEOS_DEPLOYMENT_TARGET = 17.0;
				LOCALIZATION_PREFERS_STRING_CATALOGS = YES;
				MTL_ENABLE_DEBUG_INFO = INCLUDE_SOURCE;
				MTL_FAST_MATH = YES;
				ONLY_ACTIVE_ARCH = YES;
				SDKROOT = iphoneos;
				SWIFT_ACTIVE_COMPILATION_CONDITIONS = "DEBUG $(inherited)";
				SWIFT_OPTIMIZATION_LEVEL = "-Onone";
			};
			name = Debug;
		};
		DC5D15952A5C4D1E00A4037C /* Release */ = {
			isa = XCBuildConfiguration;
			buildSettings = {
				ALWAYS_SEARCH_USER_PATHS = NO;
				ASSETCATALOG_COMPILER_GENERATE_SWIFT_ASSET_SYMBOL_EXTENSIONS = YES;
				CLANG_ANALYZER_NONNULL = YES;
				CLANG_ANALYZER_NUMBER_OBJECT_CONVERSION = YES_AGGRESSIVE;
				CLANG_CXX_LANGUAGE_STANDARD = "gnu++20";
				CLANG_ENABLE_MODULES = YES;
				CLANG_ENABLE_OBJC_ARC = YES;
				CLANG_ENABLE_OBJC_WEAK = YES;
				CLANG_WARN_BLOCK_CAPTURE_AUTORELEASING = YES;
				CLANG_WARN_BOOL_CONVERSION = YES;
				CLANG_WARN_COMMA = YES;
				CLANG_WARN_CONSTANT_CONVERSION = YES;
				CLANG_WARN_DEPRECATED_OBJC_IMPLEMENTATIONS = YES;
				CLANG_WARN_DIRECT_OBJC_ISA_USAGE = YES_ERROR;
				CLANG_WARN_DOCUMENTATION_COMMENTS = YES;
				CLANG_WARN_EMPTY_BODY = YES;
				CLANG_WARN_ENUM_CONVERSION = YES;
				CLANG_WARN_INFINITE_RECURSION = YES;
				CLANG_WARN_INT_CONVERSION = YES;
				CLANG_WARN_NON_LITERAL_NULL_CONVERSION = YES;
				CLANG_WARN_OBJC_IMPLICIT_RETAIN_SELF = YES;
				CLANG_WARN_OBJC_LITERAL_CONVERSION = YES;
				CLANG_WARN_OBJC_ROOT_CLASS = YES_ERROR;
				CLANG_WARN_QUOTED_INCLUDE_IN_FRAMEWORK_HEADER = YES;
				CLANG_WARN_RANGE_LOOP_ANALYSIS = YES;
				CLANG_WARN_STRICT_PROTOTYPES = YES;
				CLANG_WARN_SUSPICIOUS_MOVE = YES;
				CLANG_WARN_UNGUARDED_AVAILABILITY = YES_AGGRESSIVE;
				CLANG_WARN_UNREACHABLE_CODE = YES;
				CLANG_WARN__DUPLICATE_METHOD_MATCH = YES;
				COPY_PHASE_STRIP = NO;
				DEBUG_INFORMATION_FORMAT = "dwarf-with-dsym";
				ENABLE_NS_ASSERTIONS = NO;
				ENABLE_STRICT_OBJC_MSGSEND = YES;
				ENABLE_USER_SCRIPT_SANDBOXING = YES;
				GCC_C_LANGUAGE_STANDARD = gnu17;
				GCC_NO_COMMON_BLOCKS = YES;
				GCC_WARN_64_TO_32_BIT_CONVERSION = YES;
				GCC_WARN_ABOUT_RETURN_TYPE = YES_ERROR;
				GCC_WARN_UNDECLARED_SELECTOR = YES;
				GCC_WARN_UNINITIALIZED_AUTOS = YES_AGGRESSIVE;
				GCC_WARN_UNUSED_FUNCTION = YES;
				GCC_WARN_UNUSED_VARIABLE = YES;
				IPHONEOS_DEPLOYMENT_TARGET = 17.0;
				LOCALIZATION_PREFERS_STRING_CATALOGS = YES;
				MTL_ENABLE_DEBUG_INFO = NO;
				MTL_FAST_MATH = YES;
				SDKROOT = iphoneos;
				SWIFT_COMPILATION_MODE = wholemodule;
				VALIDATE_PRODUCT = YES;
			};
			name = Release;
		};
		DC5D15972A5C4D1E00A4037C /* Debug */ = {
			isa = XCBuildConfiguration;
			baseConfigurationReference = 8ED64190D5517324A9B63D14 /* Pods-BasicNoteApp.debug.xcconfig */;
			buildSettings = {
				ASSETCATALOG_COMPILER_APPICON_NAME = AppIcon;
				ASSETCATALOG_COMPILER_GLOBAL_ACCENT_COLOR_NAME = AccentColor;
				CODE_SIGN_ENTITLEMENTS = "";
				CODE_SIGN_STYLE = Automatic;
				CURRENT_PROJECT_VERSION = 1;
				DEVELOPMENT_TEAM = 27976765KZ;
				ENABLE_USER_SCRIPT_SANDBOXING = NO;
				EXCLUDED_ARCHS = "";
				"EXCLUDED_ARCHS[sdk=iphonesimulator*]" = arm64;
				GENERATE_INFOPLIST_FILE = YES;
				INFOPLIST_FILE = BasicNoteApp/Info.plist;
				INFOPLIST_KEY_UIApplicationSupportsIndirectInputEvents = YES;
				INFOPLIST_KEY_UILaunchStoryboardName = LaunchScreen;
				INFOPLIST_KEY_UISupportedInterfaceOrientations_iPad = "UIInterfaceOrientationPortrait UIInterfaceOrientationPortraitUpsideDown UIInterfaceOrientationLandscapeLeft UIInterfaceOrientationLandscapeRight";
				INFOPLIST_KEY_UISupportedInterfaceOrientations_iPhone = "UIInterfaceOrientationPortrait UIInterfaceOrientationLandscapeLeft UIInterfaceOrientationLandscapeRight";
				LD_RUNPATH_SEARCH_PATHS = "$(inherited)";
				MARKETING_VERSION = 1.0;
				PRODUCT_BUNDLE_IDENTIFIER = furkankeskin.BasicNoteApp;
				PRODUCT_NAME = "$(TARGET_NAME)";
				SWIFT_EMIT_LOC_STRINGS = YES;
				SWIFT_VERSION = 5.0;
				TARGETED_DEVICE_FAMILY = "1,2";
			};
			name = Debug;
		};
		DC5D15982A5C4D1E00A4037C /* Release */ = {
			isa = XCBuildConfiguration;
			baseConfigurationReference = 4D1B8C0681C5313615C0173E /* Pods-BasicNoteApp.release.xcconfig */;
			buildSettings = {
				ASSETCATALOG_COMPILER_APPICON_NAME = AppIcon;
				ASSETCATALOG_COMPILER_GLOBAL_ACCENT_COLOR_NAME = AccentColor;
				CODE_SIGN_STYLE = Automatic;
				CURRENT_PROJECT_VERSION = 1;
				DEVELOPMENT_TEAM = 27976765KZ;
				ENABLE_USER_SCRIPT_SANDBOXING = NO;
				EXCLUDED_ARCHS = "";
				"EXCLUDED_ARCHS[sdk=iphonesimulator*]" = arm64;
				GENERATE_INFOPLIST_FILE = YES;
				INFOPLIST_FILE = BasicNoteApp/Info.plist;
				INFOPLIST_KEY_UIApplicationSupportsIndirectInputEvents = YES;
				INFOPLIST_KEY_UILaunchStoryboardName = LaunchScreen;
				INFOPLIST_KEY_UISupportedInterfaceOrientations_iPad = "UIInterfaceOrientationPortrait UIInterfaceOrientationPortraitUpsideDown UIInterfaceOrientationLandscapeLeft UIInterfaceOrientationLandscapeRight";
				INFOPLIST_KEY_UISupportedInterfaceOrientations_iPhone = "UIInterfaceOrientationPortrait UIInterfaceOrientationLandscapeLeft UIInterfaceOrientationLandscapeRight";
				LD_RUNPATH_SEARCH_PATHS = "$(inherited)";
				MARKETING_VERSION = 1.0;
				ONLY_ACTIVE_ARCH = YES;
				PRODUCT_BUNDLE_IDENTIFIER = furkankeskin.BasicNoteApp;
				PRODUCT_NAME = "$(TARGET_NAME)";
				SWIFT_EMIT_LOC_STRINGS = YES;
				SWIFT_VERSION = 5.0;
				TARGETED_DEVICE_FAMILY = "1,2";
			};
			name = Release;
		};
/* End XCBuildConfiguration section */

/* Begin XCConfigurationList section */
		DC5D157D2A5C4D1C00A4037C /* Build configuration list for PBXProject "BasicNoteApp" */ = {
			isa = XCConfigurationList;
			buildConfigurations = (
				DC5D15942A5C4D1E00A4037C /* Debug */,
				DC5D15952A5C4D1E00A4037C /* Release */,
			);
			defaultConfigurationIsVisible = 0;
			defaultConfigurationName = Release;
		};
		DC5D15962A5C4D1E00A4037C /* Build configuration list for PBXNativeTarget "BasicNoteApp" */ = {
			isa = XCConfigurationList;
			buildConfigurations = (
				DC5D15972A5C4D1E00A4037C /* Debug */,
				DC5D15982A5C4D1E00A4037C /* Release */,
			);
			defaultConfigurationIsVisible = 0;
			defaultConfigurationName = Release;
		};
/* End XCConfigurationList section */
	};
	rootObject = DC5D157A2A5C4D1C00A4037C /* Project object */;
}
